Microsoft Visual Studio Solution File, Format Version 12.00
# Visual Studio 2012
Project("{FAE04EC0-301F-11D3-BF4B-00C04F79EFBC}") = "Goal Focus", "Goal Focus.csproj", "{87A44312-CFDF-4E09-BDEC-A3237C6D4905}"
EndProject
Global
	GlobalSection(SolutionConfigurationPlatforms) = preSolution
	Debug|Any CPU = Debug|Any CPU
	ExportDebug|Any CPU = ExportDebug|Any CPU
	ExportRelease|Any CPU = ExportRelease|Any CPU
	EndGlobalSection
	GlobalSection(ProjectConfigurationPlatforms) = postSolution
		{87A44312-CFDF-4E09-BDEC-A3237C6D4905}.Debug|Any CPU.ActiveCfg = Debug|Any CPU
		{87A44312-CFDF-4E09-BDEC-A3237C6D4905}.Debug|Any CPU.Build.0 = Debug|Any CPU
		{87A44312-CFDF-4E09-BDEC-A3237C6D4905}.ExportDebug|Any CPU.ActiveCfg = ExportDebug|Any CPU
		{87A44312-CFDF-4E09-BDEC-A3237C6D4905}.ExportDebug|Any CPU.Build.0 = ExportDebug|Any CPU
		{87A44312-CFDF-4E09-BDEC-A3237C6D4905}.ExportRelease|Any CPU.ActiveCfg = ExportRelease|Any CPU
		{87A44312-CFDF-4E09-BDEC-A3237C6D4905}.ExportRelease|Any CPU.Build.0 = ExportRelease|Any CPU
	EndGlobalSection
EndGlobal
